
Microsoft Visual Studio Solution File, Format Version 12.00
# Visual Studio Version 16
VisualStudioVersion = 16.0.30621.155
MinimumVisualStudioVersion = 10.0.40219.1
Project("{FAE04EC0-301F-11D3-BF4B-00C04F79EFBC}") = "paper-io", "paper-io\paper-io.csproj", "{C62A58F3-ABFD-4116-85CB-592EB3C36EFE}"
EndProject
Global
	GlobalSection(SolutionConfigurationPlatforms) = preSolution
		Debug|Any CPU = Debug|Any CPU
		Release|Any CPU = Release|Any CPU
	EndGlobalSection
	GlobalSection(ProjectConfigurationPlatforms) = postSolution
		{C62A58F3-ABFD-4116-85CB-592EB3C36EFE}.Debug|Any CPU.ActiveCfg = Debug|Any CPU
		{C62A58F3-ABFD-4116-85CB-592EB3C36EFE}.Debug|Any CPU.Build.0 = Debug|Any CPU
		{C62A58F3-ABFD-4116-85CB-592EB3C36EFE}.Release|Any CPU.ActiveCfg = Release|Any CPU
		{C62A58F3-ABFD-4116-85CB-592EB3C36EFE}.Release|Any CPU.Build.0 = Release|Any CPU
	EndGlobalSection
	GlobalSection(SolutionProperties) = preSolution
		HideSolutionNode = FALSE
	EndGlobalSection
	GlobalSection(ExtensibilityGlobals) = postSolution
		SolutionGuid = {EE327DB2-6674-46D0-A124-B734885FECD7}
	EndGlobalSection
EndGlobal
